PODS:
  - Alamofire (4.8.1)
  - ChirpSDK (3.4.3)
  - lottie-ios (2.5.2)

DEPENDENCIES:
  - Alamofire
  - ChirpSDK
  - lottie-ios

SPEC REPOS:
  https://github.com/cocoapods/specs.git:
    - Alamofire
    - ChirpSDK
    - lottie-ios

SPEC CHECKSUMS:
  Alamofire: 16ce2c353fb72865124ddae8a57c5942388f4f11
  ChirpSDK: 6f7ca641463e090ec3df8a0c7189b7ce412cb739
  lottie-ios: 3fef45d3fabe63e3c7c2eb603dd64ddfffc73062

PODFILE CHECKSUM: 939e544fb64b7f357737610f0e0c220329b22651

COCOAPODS: 1.6.0
