// !$*UTF8*$!
{
	archiveVersion = 1;
	classes = {
	};
	objectVersion = 50;
	objects = {

/* Begin PBXBuildFile section */
		8523FDCACEE3D7769A8945C7 /* Pods_Sound_Gate.framework in Frameworks */ = {isa = PBXBuildFile; fileRef = F36D183AEE9E8CFB80E2BD06 /* Pods_Sound_Gate.framework */; };
		D11F43DA234A463000DAA713 /* WhereToUseModels.swift in Sources */ = {isa = PBXBuildFile; fileRef = D11F43D9234A463000DAA713 /* WhereToUseModels.swift */; };
		D11F43DD234A4A1400DAA713 /* TicketCellTableViewCell.xib in Resources */ = {isa = PBXBuildFile; fileRef = D11F43DC234A4A1400DAA713 /* TicketCellTableViewCell.xib */; };
		D11F43DF234A4C4600DAA713 /* TicketCellTableViewCell.swift in Sources */ = {isa = PBXBuildFile; fileRef = D11F43DE234A4C4600DAA713 /* TicketCellTableViewCell.swift */; };
		D11F43E2234A9CD800DAA713 /* TicketStoreTableViewCell.xib in Resources */ = {isa = PBXBuildFile; fileRef = D11F43E1234A9CD800DAA713 /* TicketStoreTableViewCell.xib */; };
		D11F43E4234A9FB700DAA713 /* TicketStoreTableViewCell.swift in Sources */ = {isa = PBXBuildFile; fileRef = D11F43E3234A9FB700DAA713 /* TicketStoreTableViewCell.swift */; };
		D11F43E6234AA61300DAA713 /* how_to_use.mp4 in Resources */ = {isa = PBXBuildFile; fileRef = D11F43E5234AA61200DAA713 /* how_to_use.mp4 */; };
		D1B558072313086E00593EED /* SignInViewController.swift in Sources */ = {isa = PBXBuildFile; fileRef = D1B558062313086E00593EED /* SignInViewController.swift */; };
		D1BF347222825C99004CA111 /* AppDelegate.swift in Sources */ = {isa = PBXBuildFile; fileRef = D1BF347122825C99004CA111 /* AppDelegate.swift */; };
		D1BF347422825C99004CA111 /* LoginViewController.swift in Sources */ = {isa = PBXBuildFile; fileRef = D1BF347322825C99004CA111 /* LoginViewController.swift */; };
		D1BF347722825C99004CA111 /* Main.storyboard in Resources */ = {isa = PBXBuildFile; fileRef = D1BF347522825C99004CA111 /* Main.storyboard */; };
		D1BF347922825C9B004CA111 /* Assets.xcassets in Resources */ = {isa = PBXBuildFile; fileRef = D1BF347822825C9B004CA111 /* Assets.xcassets */; };
		D1BF347C22825C9B004CA111 /* LaunchScreen.storyboard in Resources */ = {isa = PBXBuildFile; fileRef = D1BF347A22825C9B004CA111 /* LaunchScreen.storyboard */; };
		D1BF381A2313472F001FF2D3 /* WalletViewController.swift in Sources */ = {isa = PBXBuildFile; fileRef = D1BF38192313472F001FF2D3 /* WalletViewController.swift */; };
		D1C641072336CDA400086250 /* Loading.swift in Sources */ = {isa = PBXBuildFile; fileRef = D1C641052336CDA300086250 /* Loading.swift */; };
		D1C641212336D84A00086250 /* LoadingLottie.json in Resources */ = {isa = PBXBuildFile; fileRef = D1C641202336D84A00086250 /* LoadingLottie.json */; };
		D1C641232336ED9A00086250 /* SignInService.swift in Sources */ = {isa = PBXBuildFile; fileRef = D1C641222336ED9A00086250 /* SignInService.swift */; };
		D1C641252336F86700086250 /* FeedWalletService.swift in Sources */ = {isa = PBXBuildFile; fileRef = D1C641242336F86700086250 /* FeedWalletService.swift */; };
		D1C64127233703FD00086250 /* PurchaseHistoricModel.swift in Sources */ = {isa = PBXBuildFile; fileRef = D1C64126233703FD00086250 /* PurchaseHistoricModel.swift */; };
		D1C641292337048600086250 /* PurchaseHistoricService.swift in Sources */ = {isa = PBXBuildFile; fileRef = D1C641282337048600086250 /* PurchaseHistoricService.swift */; };
		D1C6412D2337087500086250 /* PurchaseHistoricTableViewCell.xib in Resources */ = {isa = PBXBuildFile; fileRef = D1C6412C2337087500086250 /* PurchaseHistoricTableViewCell.xib */; };
		D1C6412F23370A2000086250 /* PurchaseHistoricTableViewCell.swift in Sources */ = {isa = PBXBuildFile; fileRef = D1C6412E23370A2000086250 /* PurchaseHistoricTableViewCell.swift */; };
		D1CF8067232D558300CC3190 /* LoginService.swift in Sources */ = {isa = PBXBuildFile; fileRef = D1CF8066232D558300CC3190 /* LoginService.swift */; };
		D1CF806A232D58FA00CC3190 /* LoginModel.swift in Sources */ = {isa = PBXBuildFile; fileRef = D1CF8069232D58FA00CC3190 /* LoginModel.swift */; };
		D1E8238A234E0F9F00578E60 /* WhereToUseService.swift in Sources */ = {isa = PBXBuildFile; fileRef = D1E82389234E0F9F00578E60 /* WhereToUseService.swift */; };
		D1E8238C234E22E400578E60 /* BuyTicketViewController.swift in Sources */ = {isa = PBXBuildFile; fileRef = D1E8238B234E22E400578E60 /* BuyTicketViewController.swift */; };
		D1EB6AB6232DAC1E00CAE5AB /* FeedWalletViewController.swift in Sources */ = {isa = PBXBuildFile; fileRef = D1EB6AB5232DAC1E00CAE5AB /* FeedWalletViewController.swift */; };
		D1EB6AB9232DAE7700CAE5AB /* ProfileViewController.swift in Sources */ = {isa = PBXBuildFile; fileRef = D1EB6AB8232DAE7700CAE5AB /* ProfileViewController.swift */; };
		D1EB6ABC232DB08B00CAE5AB /* HowToUseViewController.swift in Sources */ = {isa = PBXBuildFile; fileRef = D1EB6ABB232DB08B00CAE5AB /* HowToUseViewController.swift */; };
		D1EB6ABF232DB0EB00CAE5AB /* WhereToUseViewController.swift in Sources */ = {isa = PBXBuildFile; fileRef = D1EB6ABE232DB0EB00CAE5AB /* WhereToUseViewController.swift */; };
		D1EB6AC2232DB1D900CAE5AB /* PurchaseHistoricViewController.swift in Sources */ = {isa = PBXBuildFile; fileRef = D1EB6AC1232DB1D900CAE5AB /* PurchaseHistoricViewController.swift */; };
/* End PBXBuildFile section */

/* Begin PBXFileReference section */
		07003D35169139702B2C5754 /* Pods-Sound Gate.release.xcconfig */ = {isa = PBXFileReference; includeInIndex = 1; lastKnownFileType = text.xcconfig; name = "Pods-Sound Gate.release.xcconfig"; path = "Target Support Files/Pods-Sound Gate/Pods-Sound Gate.release.xcconfig"; sourceTree = "<group>"; };
		582A1A6B58A74678C5FD0BD5 /* Pods-Sound Gate.debug.xcconfig */ = {isa = PBXFileReference; includeInIndex = 1; lastKnownFileType = text.xcconfig; name = "Pods-Sound Gate.debug.xcconfig"; path = "Target Support Files/Pods-Sound Gate/Pods-Sound Gate.debug.xcconfig"; sourceTree = "<group>"; };
		D11F43D9234A463000DAA713 /* WhereToUseModels.swift */ = {isa = PBXFileReference; lastKnownFileType = sourcecode.swift; path = WhereToUseModels.swift; sourceTree = "<group>"; };
		D11F43DC234A4A1400DAA713 /* TicketCellTableViewCell.xib */ = {isa = PBXFileReference; lastKnownFileType = file.xib; path = TicketCellTableViewCell.xib; sourceTree = "<group>"; };
		D11F43DE234A4C4600DAA713 /* TicketCellTableViewCell.swift */ = {isa = PBXFileReference; lastKnownFileType = sourcecode.swift; path = TicketCellTableViewCell.swift; sourceTree = "<group>"; };
		D11F43E1234A9CD800DAA713 /* TicketStoreTableViewCell.xib */ = {isa = PBXFileReference; lastKnownFileType = file.xib; path = TicketStoreTableViewCell.xib; sourceTree = "<group>"; };
		D11F43E3234A9FB700DAA713 /* TicketStoreTableViewCell.swift */ = {isa = PBXFileReference; lastKnownFileType = sourcecode.swift; path = TicketStoreTableViewCell.swift; sourceTree = "<group>"; };
		D11F43E5234AA61200DAA713 /* how_to_use.mp4 */ = {isa = PBXFileReference; lastKnownFileType = file; path = how_to_use.mp4; sourceTree = "<group>"; };
		D1B558062313086E00593EED /* SignInViewController.swift */ = {isa = PBXFileReference; lastKnownFileType = sourcecode.swift; name = SignInViewController.swift; path = "Sound Gate/Reusable Cells/SignInViewController.swift"; sourceTree = SOURCE_ROOT; };
		D1BF346E22825C99004CA111 /* Sound Gate.app */ = {isa = PBXFileReference; explicitFileType = wrapper.application; includeInIndex = 0; path = "Sound Gate.app"; sourceTree = BUILT_PRODUCTS_DIR; };
		D1BF347122825C99004CA111 /* AppDelegate.swift */ = {isa = PBXFileReference; lastKnownFileType = sourcecode.swift; path = AppDelegate.swift; sourceTree = "<group>"; };
		D1BF347322825C99004CA111 /* LoginViewController.swift */ = {isa = PBXFileReference; lastKnownFileType = sourcecode.swift; path = LoginViewController.swift; sourceTree = "<group>"; };
		D1BF347622825C99004CA111 /* Base */ = {isa = PBXFileReference; lastKnownFileType = file.storyboard; name = Base; path = Base.lproj/Main.storyboard; sourceTree = "<group>"; };
		D1BF347822825C9B004CA111 /* Assets.xcassets */ = {isa = PBXFileReference; lastKnownFileType = folder.assetcatalog; path = Assets.xcassets; sourceTree = "<group>"; };
		D1BF347B22825C9B004CA111 /* Base */ = {isa = PBXFileReference; lastKnownFileType = file.storyboard; name = Base; path = Base.lproj/LaunchScreen.storyboard; sourceTree = "<group>"; };
		D1BF347D22825C9B004CA111 /* Info.plist */ = {isa = PBXFileReference; lastKnownFileType = text.plist.xml; path = Info.plist; sourceTree = "<group>"; };
		D1BF38192313472F001FF2D3 /* WalletViewController.swift */ = {isa = PBXFileReference; lastKnownFileType = sourcecode.swift; path = WalletViewController.swift; sourceTree = "<group>"; };
		D1C641052336CDA300086250 /* Loading.swift */ = {isa = PBXFileReference; fileEncoding = 4; lastKnownFileType = sourcecode.swift; path = Loading.swift; sourceTree = "<group>"; };
		D1C641202336D84A00086250 /* LoadingLottie.json */ = {isa = PBXFileReference; fileEncoding = 4; lastKnownFileType = text.json; path = LoadingLottie.json; sourceTree = "<group>"; };
		D1C641222336ED9A00086250 /* SignInService.swift */ = {isa = PBXFileReference; lastKnownFileType = sourcecode.swift; path = SignInService.swift; sourceTree = "<group>"; };
		D1C641242336F86700086250 /* FeedWalletService.swift */ = {isa = PBXFileReference; lastKnownFileType = sourcecode.swift; path = FeedWalletService.swift; sourceTree = "<group>"; };
		D1C64126233703FD00086250 /* PurchaseHistoricModel.swift */ = {isa = PBXFileReference; lastKnownFileType = sourcecode.swift; path = PurchaseHistoricModel.swift; sourceTree = "<group>"; };
		D1C641282337048600086250 /* PurchaseHistoricService.swift */ = {isa = PBXFileReference; lastKnownFileType = sourcecode.swift; path = PurchaseHistoricService.swift; sourceTree = "<group>"; };
		D1C6412C2337087500086250 /* PurchaseHistoricTableViewCell.xib */ = {isa = PBXFileReference; lastKnownFileType = file.xib; path = PurchaseHistoricTableViewCell.xib; sourceTree = "<group>"; };
		D1C6412E23370A2000086250 /* PurchaseHistoricTableViewCell.swift */ = {isa = PBXFileReference; lastKnownFileType = sourcecode.swift; path = PurchaseHistoricTableViewCell.swift; sourceTree = "<group>"; };
		D1CF8066232D558300CC3190 /* LoginService.swift */ = {isa = PBXFileReference; lastKnownFileType = sourcecode.swift; path = LoginService.swift; sourceTree = "<group>"; };
		D1CF8069232D58FA00CC3190 /* LoginModel.swift */ = {isa = PBXFileReference; lastKnownFileType = sourcecode.swift; path = LoginModel.swift; sourceTree = "<group>"; };
		D1E82389234E0F9F00578E60 /* WhereToUseService.swift */ = {isa = PBXFileReference; lastKnownFileType = sourcecode.swift; path = WhereToUseService.swift; sourceTree = "<group>"; };
		D1E8238B234E22E400578E60 /* BuyTicketViewController.swift */ = {isa = PBXFileReference; lastKnownFileType = sourcecode.swift; path = BuyTicketViewController.swift; sourceTree = "<group>"; };
		D1EB6AB5232DAC1E00CAE5AB /* FeedWalletViewController.swift */ = {isa = PBXFileReference; lastKnownFileType = sourcecode.swift; path = FeedWalletViewController.swift; sourceTree = "<group>"; };
		D1EB6AB8232DAE7700CAE5AB /* ProfileViewController.swift */ = {isa = PBXFileReference; lastKnownFileType = sourcecode.swift; path = ProfileViewController.swift; sourceTree = "<group>"; };
		D1EB6ABB232DB08B00CAE5AB /* HowToUseViewController.swift */ = {isa = PBXFileReference; lastKnownFileType = sourcecode.swift; path = HowToUseViewController.swift; sourceTree = "<group>"; };
		D1EB6ABE232DB0EB00CAE5AB /* WhereToUseViewController.swift */ = {isa = PBXFileReference; lastKnownFileType = sourcecode.swift; path = WhereToUseViewController.swift; sourceTree = "<group>"; };
		D1EB6AC1232DB1D900CAE5AB /* PurchaseHistoricViewController.swift */ = {isa = PBXFileReference; lastKnownFileType = sourcecode.swift; path = PurchaseHistoricViewController.swift; sourceTree = "<group>"; };
		F36D183AEE9E8CFB80E2BD06 /* Pods_Sound_Gate.framework */ = {isa = PBXFileReference; explicitFileType = wrapper.framework; includeInIndex = 0; path = Pods_Sound_Gate.framework; sourceTree = BUILT_PRODUCTS_DIR; };
/* End PBXFileReference section */

/* Begin PBXFrameworksBuildPhase section */
		D1BF346B22825C99004CA111 /* Frameworks */ = {
			isa = PBXFrameworksBuildPhase;
			buildActionMask = 2147483647;
			files = (
				8523FDCACEE3D7769A8945C7 /* Pods_Sound_Gate.framework in Frameworks */,
			);
			runOnlyForDeploymentPostprocessing = 0;
		};
/* End PBXFrameworksBuildPhase section */

/* Begin PBXGroup section */
		150259B17F51157058FAC697 /* Frameworks */ = {
			isa = PBXGroup;
			children = (
				F36D183AEE9E8CFB80E2BD06 /* Pods_Sound_Gate.framework */,
			);
			name = Frameworks;
			sourceTree = "<group>";
		};
		6369C0CF848FA829A2C282E6 /* Pods */ = {
			isa = PBXGroup;
			children = (
				582A1A6B58A74678C5FD0BD5 /* Pods-Sound Gate.debug.xcconfig */,
				07003D35169139702B2C5754 /* Pods-Sound Gate.release.xcconfig */,
			);
			path = Pods;
			sourceTree = "<group>";
		};
		D11F43DB234A49FA00DAA713 /* TicketCell */ = {
			isa = PBXGroup;
			children = (
				D11F43DC234A4A1400DAA713 /* TicketCellTableViewCell.xib */,
				D11F43DE234A4C4600DAA713 /* TicketCellTableViewCell.swift */,
			);
			path = TicketCell;
			sourceTree = "<group>";
		};
		D11F43E0234A9C5D00DAA713 /* TicketStore */ = {
			isa = PBXGroup;
			children = (
				D11F43E1234A9CD800DAA713 /* TicketStoreTableViewCell.xib */,
				D11F43E3234A9FB700DAA713 /* TicketStoreTableViewCell.swift */,
			);
			path = TicketStore;
			sourceTree = "<group>";
		};
		D1B558052313081B00593EED /* SignIn */ = {
			isa = PBXGroup;
			children = (
				D1B558062313086E00593EED /* SignInViewController.swift */,
				D1C641222336ED9A00086250 /* SignInService.swift */,
			);
			path = SignIn;
			sourceTree = "<group>";
		};
		D1BF346522825C99004CA111 = {
			isa = PBXGroup;
			children = (
				D1BF347022825C99004CA111 /* Sound Gate */,
				D1BF346F22825C99004CA111 /* Products */,
				6369C0CF848FA829A2C282E6 /* Pods */,
				150259B17F51157058FAC697 /* Frameworks */,
			);
			sourceTree = "<group>";
		};
		D1BF346F22825C99004CA111 /* Products */ = {
			isa = PBXGroup;
			children = (
				D1BF346E22825C99004CA111 /* Sound Gate.app */,
			);
			name = Products;
			sourceTree = "<group>";
		};
		D1BF347022825C99004CA111 /* Sound Gate */ = {
			isa = PBXGroup;
			children = (
				D1C641032336CDA300086250 /* Loading */,
				D1BF347122825C99004CA111 /* AppDelegate.swift */,
				D1D891322300892F0079CF18 /* Login  */,
				D1B558052313081B00593EED /* SignIn */,
				D1BF3818231346F9001FF2D3 /* Wallet */,
				D1EB6AB4232DABF300CAE5AB /* FeedWallet */,
				D1EB6AB7232DAE5400CAE5AB /* Profile */,
				D1EB6ABD232DB0BE00CAE5AB /* WhereToUse */,
				D1EB6ABA232DB06C00CAE5AB /* HowToUse */,
				D1EB6AC0232DB1AE00CAE5AB /* PurchaseHistoric */,
				D1BF347522825C99004CA111 /* Main.storyboard */,
				D11F43E5234AA61200DAA713 /* how_to_use.mp4 */,
				D1BF347822825C9B004CA111 /* Assets.xcassets */,
				D1BF347A22825C9B004CA111 /* LaunchScreen.storyboard */,
				D1BF347D22825C9B004CA111 /* Info.plist */,
			);
			path = "Sound Gate";
			sourceTree = "<group>";
		};
		D1BF3818231346F9001FF2D3 /* Wallet */ = {
			isa = PBXGroup;
			children = (
				D1BF38192313472F001FF2D3 /* WalletViewController.swift */,
			);
			path = Wallet;
			sourceTree = "<group>";
		};
		D1C641032336CDA300086250 /* Loading */ = {
			isa = PBXGroup;
			children = (
				D1C641052336CDA300086250 /* Loading.swift */,
				D1C641202336D84A00086250 /* LoadingLottie.json */,
			);
			path = Loading;
			sourceTree = "<group>";
		};
		D1C6412A2337085400086250 /* PurchaseHistoric */ = {
			isa = PBXGroup;
			children = (
				D1C6412C2337087500086250 /* PurchaseHistoricTableViewCell.xib */,
				D1C6412E23370A2000086250 /* PurchaseHistoricTableViewCell.swift */,
			);
			path = PurchaseHistoric;
			sourceTree = "<group>";
		};
		D1D891322300892F0079CF18 /* Login  */ = {
			isa = PBXGroup;
			children = (
				D1BF347322825C99004CA111 /* LoginViewController.swift */,
				D1CF8066232D558300CC3190 /* LoginService.swift */,
				D1CF8069232D58FA00CC3190 /* LoginModel.swift */,
			);
			path = "Login ";
			sourceTree = "<group>";
		};
		D1EB6AB4232DABF300CAE5AB /* FeedWallet */ = {
			isa = PBXGroup;
			children = (
				D1EB6AB5232DAC1E00CAE5AB /* FeedWalletViewController.swift */,
				D1C641242336F86700086250 /* FeedWalletService.swift */,
			);
			path = FeedWallet;
			sourceTree = "<group>";
		};
		D1EB6AB7232DAE5400CAE5AB /* Profile */ = {
			isa = PBXGroup;
			children = (
				D1EB6AB8232DAE7700CAE5AB /* ProfileViewController.swift */,
			);
			path = Profile;
			sourceTree = "<group>";
		};
		D1EB6ABA232DB06C00CAE5AB /* HowToUse */ = {
			isa = PBXGroup;
			children = (
				D1EB6ABB232DB08B00CAE5AB /* HowToUseViewController.swift */,
			);
			path = HowToUse;
			sourceTree = "<group>";
		};
		D1EB6ABD232DB0BE00CAE5AB /* WhereToUse */ = {
			isa = PBXGroup;
			children = (
				D11F43E0234A9C5D00DAA713 /* TicketStore */,
				D11F43DB234A49FA00DAA713 /* TicketCell */,
				D1EB6ABE232DB0EB00CAE5AB /* WhereToUseViewController.swift */,
				D11F43D9234A463000DAA713 /* WhereToUseModels.swift */,
				D1E82389234E0F9F00578E60 /* WhereToUseService.swift */,
				D1E8238B234E22E400578E60 /* BuyTicketViewController.swift */,
			);
			path = WhereToUse;
			sourceTree = "<group>";
		};
		D1EB6AC0232DB1AE00CAE5AB /* PurchaseHistoric */ = {
			isa = PBXGroup;
			children = (
				D1C6412A2337085400086250 /* PurchaseHistoric */,
				D1EB6AC1232DB1D900CAE5AB /* PurchaseHistoricViewController.swift */,
				D1C64126233703FD00086250 /* PurchaseHistoricModel.swift */,
				D1C641282337048600086250 /* PurchaseHistoricService.swift */,
			);
			path = PurchaseHistoric;
			sourceTree = "<group>";
		};
/* End PBXGroup section */

/* Begin PBXNativeTarget section */
		D1BF346D22825C99004CA111 /* Sound Gate */ = {
			isa = PBXNativeTarget;
			buildConfigurationList = D1BF348022825C9B004CA111 /* Build configuration list for PBXNativeTarget "Sound Gate" */;
			buildPhases = (
				AB21AD36D605971BBA485AF7 /* [CP] Check Pods Manifest.lock */,
				D1BF346A22825C99004CA111 /* Sources */,
				D1BF346B22825C99004CA111 /* Frameworks */,
				D1BF346C22825C99004CA111 /* Resources */,
				2942C669B1227AE45B11344A /* [CP] Embed Pods Frameworks */,
			);
			buildRules = (
			);
			dependencies = (
			);
			name = "Sound Gate";
			productName = "Sound Gate";
			productReference = D1BF346E22825C99004CA111 /* Sound Gate.app */;
			productType = "com.apple.product-type.application";
		};
/* End PBXNativeTarget section */

/* Begin PBXProject section */
		D1BF346622825C99004CA111 /* Project object */ = {
			isa = PBXProject;
			attributes = {
				LastSwiftUpdateCheck = 1020;
				LastUpgradeCheck = 1020;
				ORGANIZATIONNAME = "Matheus Martins";
				TargetAttributes = {
					D1BF346D22825C99004CA111 = {
						CreatedOnToolsVersion = 10.2.1;
					};
				};
			};
			buildConfigurationList = D1BF346922825C99004CA111 /* Build configuration list for PBXProject "Sound Gate" */;
			compatibilityVersion = "Xcode 9.3";
			developmentRegion = en;
			hasScannedForEncodings = 0;
			knownRegions = (
				en,
				Base,
			);
			mainGroup = D1BF346522825C99004CA111;
			productRefGroup = D1BF346F22825C99004CA111 /* Products */;
			projectDirPath = "";
			projectRoot = "";
			targets = (
				D1BF346D22825C99004CA111 /* Sound Gate */,
			);
		};
/* End PBXProject section */

/* Begin PBXResourcesBuildPhase section */
		D1BF346C22825C99004CA111 /* Resources */ = {
			isa = PBXResourcesBuildPhase;
			buildActionMask = 2147483647;
			files = (
				D1BF347C22825C9B004CA111 /* LaunchScreen.storyboard in Resources */,
				D11F43E6234AA61300DAA713 /* how_to_use.mp4 in Resources */,
				D11F43DD234A4A1400DAA713 /* TicketCellTableViewCell.xib in Resources */,
				D1C641212336D84A00086250 /* LoadingLottie.json in Resources */,
				D1BF347922825C9B004CA111 /* Assets.xcassets in Resources */,
				D1C6412D2337087500086250 /* PurchaseHistoricTableViewCell.xib in Resources */,
				D11F43E2234A9CD800DAA713 /* TicketStoreTableViewCell.xib in Resources */,
				D1BF347722825C99004CA111 /* Main.storyboard in Resources */,
			);
			runOnlyForDeploymentPostprocessing = 0;
		};
/* End PBXResourcesBuildPhase section */

/* Begin PBXShellScriptBuildPhase section */
		2942C669B1227AE45B11344A /* [CP] Embed Pods Frameworks */ = {
			isa = PBXShellScriptBuildPhase;
			buildActionMask = 2147483647;
			files = (
			);
			inputFileListPaths = (
			);
			inputPaths = (
				"${PODS_ROOT}/Target Support Files/Pods-Sound Gate/Pods-Sound Gate-frameworks.sh",
				"${BUILT_PRODUCTS_DIR}/Alamofire/Alamofire.framework",
				"${BUILT_PRODUCTS_DIR}/lottie-ios/Lottie.framework",
			);
			name = "[CP] Embed Pods Frameworks";
			outputFileListPaths = (
			);
			outputPaths = (
				"${TARGET_BUILD_DIR}/${FRAMEWORKS_FOLDER_PATH}/Alamofire.framework",
				"${TARGET_BUILD_DIR}/${FRAMEWORKS_FOLDER_PATH}/Lottie.framework",
			);
			runOnlyForDeploymentPostprocessing = 0;
			shellPath = /bin/sh;
			shellScript = "\"${PODS_ROOT}/Target Support Files/Pods-Sound Gate/Pods-Sound Gate-frameworks.sh\"\n";
			showEnvVarsInLog = 0;
		};
		AB21AD36D605971BBA485AF7 /* [CP] Check Pods Manifest.lock */ = {
			isa = PBXShellScriptBuildPhase;
			buildActionMask = 2147483647;
			files = (
			);
			inputFileListPaths = (
			);
			inputPaths = (
				"${PODS_PODFILE_DIR_PATH}/Podfile.lock",
				"${PODS_ROOT}/Manifest.lock",
			);
			name = "[CP] Check Pods Manifest.lock";
			outputFileListPaths = (
			);
			outputPaths = (
				"$(DERIVED_FILE_DIR)/Pods-Sound Gate-checkManifestLockResult.txt",
			);
			runOnlyForDeploymentPostprocessing = 0;
			shellPath = /bin/sh;
			shellScript = "diff \"${PODS_PODFILE_DIR_PATH}/Podfile.lock\" \"${PODS_ROOT}/Manifest.lock\" > /dev/null\nif [ $? != 0 ] ; then\n    # print error to STDERR\n    echo \"error: The sandbox is not in sync with the Podfile.lock. Run 'pod install' or update your CocoaPods installation.\" >&2\n    exit 1\nfi\n# This output is used by Xcode 'outputs' to avoid re-running this script phase.\necho \"SUCCESS\" > \"${SCRIPT_OUTPUT_FILE_0}\"\n";
			showEnvVarsInLog = 0;
		};
/* End PBXShellScriptBuildPhase section */

/* Begin PBXSourcesBuildPhase section */
		D1BF346A22825C99004CA111 /* Sources */ = {
			isa = PBXSourcesBuildPhase;
			buildActionMask = 2147483647;
			files = (
				D1B558072313086E00593EED /* SignInViewController.swift in Sources */,
				D1BF381A2313472F001FF2D3 /* WalletViewController.swift in Sources */,
				D1C64127233703FD00086250 /* PurchaseHistoricModel.swift in Sources */,
				D1BF347422825C99004CA111 /* LoginViewController.swift in Sources */,
				D1EB6ABF232DB0EB00CAE5AB /* WhereToUseViewController.swift in Sources */,
				D1E8238A234E0F9F00578E60 /* WhereToUseService.swift in Sources */,
				D11F43E4234A9FB700DAA713 /* TicketStoreTableViewCell.swift in Sources */,
				D1E8238C234E22E400578E60 /* BuyTicketViewController.swift in Sources */,
				D1EB6AC2232DB1D900CAE5AB /* PurchaseHistoricViewController.swift in Sources */,
				D1EB6ABC232DB08B00CAE5AB /* HowToUseViewController.swift in Sources */,
				D1BF347222825C99004CA111 /* AppDelegate.swift in Sources */,
				D11F43DA234A463000DAA713 /* WhereToUseModels.swift in Sources */,
				D1CF806A232D58FA00CC3190 /* LoginModel.swift in Sources */,
				D1C641292337048600086250 /* PurchaseHistoricService.swift in Sources */,
				D1EB6AB6232DAC1E00CAE5AB /* FeedWalletViewController.swift in Sources */,
				D1C641232336ED9A00086250 /* SignInService.swift in Sources */,
				D1EB6AB9232DAE7700CAE5AB /* ProfileViewController.swift in Sources */,
				D1C641072336CDA400086250 /* Loading.swift in Sources */,
				D1C641252336F86700086250 /* FeedWalletService.swift in Sources */,
				D1CF8067232D558300CC3190 /* LoginService.swift in Sources */,
				D1C6412F23370A2000086250 /* PurchaseHistoricTableViewCell.swift in Sources */,
				D11F43DF234A4C4600DAA713 /* TicketCellTableViewCell.swift in Sources */,
			);
			runOnlyForDeploymentPostprocessing = 0;
		};
/* End PBXSourcesBuildPhase section */

/* Begin PBXVariantGroup section */
		D1BF347522825C99004CA111 /* Main.storyboard */ = {
			isa = PBXVariantGroup;
			children = (
				D1BF347622825C99004CA111 /* Base */,
			);
			name = Main.storyboard;
			sourceTree = "<group>";
		};
		D1BF347A22825C9B004CA111 /* LaunchScreen.storyboard */ = {
			isa = PBXVariantGroup;
			children = (
				D1BF347B22825C9B004CA111 /* Base */,
			);
			name = LaunchScreen.storyboard;
			sourceTree = "<group>";
		};
/* End PBXVariantGroup section */

/* Begin XCBuildConfiguration section */
		D1BF347E22825C9B004CA111 /* Debug */ = {
			isa = XCBuildConfiguration;
			buildSettings = {
				ALWAYS_SEARCH_USER_PATHS = NO;
				CLANG_ANALYZER_NONNULL = YES;
				CLANG_ANALYZER_NUMBER_OBJECT_CONVERSION = YES_AGGRESSIVE;
				CLANG_CXX_LANGUAGE_STANDARD = "gnu++14";
				CLANG_CXX_LIBRARY = "libc++";
				CLANG_ENABLE_MODULES = YES;
				CLANG_ENABLE_OBJC_ARC = YES;
				CLANG_ENABLE_OBJC_WEAK = YES;
				CLANG_WARN_BLOCK_CAPTURE_AUTORELEASING = YES;
				CLANG_WARN_BOOL_CONVERSION = YES;
				CLANG_WARN_COMMA = YES;
				CLANG_WARN_CONSTANT_CONVERSION = YES;
				CLANG_WARN_DEPRECATED_OBJC_IMPLEMENTATIONS = YES;
				CLANG_WARN_DIRECT_OBJC_ISA_USAGE = YES_ERROR;
				CLANG_WARN_DOCUMENTATION_COMMENTS = YES;
				CLANG_WARN_EMPTY_BODY = YES;
				CLANG_WARN_ENUM_CONVERSION = YES;
				CLANG_WARN_INFINITE_RECURSION = YES;
				CLANG_WARN_INT_CONVERSION = YES;
				CLANG_WARN_NON_LITERAL_NULL_CONVERSION = YES;
				CLANG_WARN_OBJC_IMPLICIT_RETAIN_SELF = YES;
				CLANG_WARN_OBJC_LITERAL_CONVERSION = YES;
				CLANG_WARN_OBJC_ROOT_CLASS = YES_ERROR;
				CLANG_WARN_RANGE_LOOP_ANALYSIS = YES;
				CLANG_WARN_STRICT_PROTOTYPES = YES;
				CLANG_WARN_SUSPICIOUS_MOVE = YES;
				CLANG_WARN_UNGUARDED_AVAILABILITY = YES_AGGRESSIVE;
				CLANG_WARN_UNREACHABLE_CODE = YES;
				CLANG_WARN__DUPLICATE_METHOD_MATCH = YES;
				CODE_SIGN_IDENTITY = "iPhone Developer";
				COPY_PHASE_STRIP = NO;
				DEBUG_INFORMATION_FORMAT = dwarf;
				ENABLE_STRICT_OBJC_MSGSEND = YES;
				ENABLE_TESTABILITY = YES;
				GCC_C_LANGUAGE_STANDARD = gnu11;
				GCC_DYNAMIC_NO_PIC = NO;
				GCC_NO_COMMON_BLOCKS = YES;
				GCC_OPTIMIZATION_LEVEL = 0;
				GCC_PREPROCESSOR_DEFINITIONS = (
					"DEBUG=1",
					"$(inherited)",
				);
				GCC_WARN_64_TO_32_BIT_CONVERSION = YES;
				GCC_WARN_ABOUT_RETURN_TYPE = YES_ERROR;
				GCC_WARN_UNDECLARED_SELECTOR = YES;
				GCC_WARN_UNINITIALIZED_AUTOS = YES_AGGRESSIVE;
				GCC_WARN_UNUSED_FUNCTION = YES;
				GCC_WARN_UNUSED_VARIABLE = YES;
				IPHONEOS_DEPLOYMENT_TARGET = 12.2;
				MTL_ENABLE_DEBUG_INFO = INCLUDE_SOURCE;
				MTL_FAST_MATH = YES;
				ONLY_ACTIVE_ARCH = YES;
				SDKROOT = iphoneos;
				SWIFT_ACTIVE_COMPILATION_CONDITIONS = DEBUG;
				SWIFT_OPTIMIZATION_LEVEL = "-Onone";
			};
			name = Debug;
		};
		D1BF347F22825C9B004CA111 /* Release */ = {
			isa = XCBuildConfiguration;
			buildSettings = {
				ALWAYS_SEARCH_USER_PATHS = NO;
				CLANG_ANALYZER_NONNULL = YES;
				CLANG_ANALYZER_NUMBER_OBJECT_CONVERSION = YES_AGGRESSIVE;
				CLANG_CXX_LANGUAGE_STANDARD = "gnu++14";
				CLANG_CXX_LIBRARY = "libc++";
				CLANG_ENABLE_MODULES = YES;
				CLANG_ENABLE_OBJC_ARC = YES;
				CLANG_ENABLE_OBJC_WEAK = YES;
				CLANG_WARN_BLOCK_CAPTURE_AUTORELEASING = YES;
				CLANG_WARN_BOOL_CONVERSION = YES;
				CLANG_WARN_COMMA = YES;
				CLANG_WARN_CONSTANT_CONVERSION = YES;
				CLANG_WARN_DEPRECATED_OBJC_IMPLEMENTATIONS = YES;
				CLANG_WARN_DIRECT_OBJC_ISA_USAGE = YES_ERROR;
				CLANG_WARN_DOCUMENTATION_COMMENTS = YES;
				CLANG_WARN_EMPTY_BODY = YES;
				CLANG_WARN_ENUM_CONVERSION = YES;
				CLANG_WARN_INFINITE_RECURSION = YES;
				CLANG_WARN_INT_CONVERSION = YES;
				CLANG_WARN_NON_LITERAL_NULL_CONVERSION = YES;
				CLANG_WARN_OBJC_IMPLICIT_RETAIN_SELF = YES;
				CLANG_WARN_OBJC_LITERAL_CONVERSION = YES;
				CLANG_WARN_OBJC_ROOT_CLASS = YES_ERROR;
				CLANG_WARN_RANGE_LOOP_ANALYSIS = YES;
				CLANG_WARN_STRICT_PROTOTYPES = YES;
				CLANG_WARN_SUSPICIOUS_MOVE = YES;
				CLANG_WARN_UNGUARDED_AVAILABILITY = YES_AGGRESSIVE;
				CLANG_WARN_UNREACHABLE_CODE = YES;
				CLANG_WARN__DUPLICATE_METHOD_MATCH = YES;
				CODE_SIGN_IDENTITY = "iPhone Developer";
				COPY_PHASE_STRIP = NO;
				DEBUG_INFORMATION_FORMAT = "dwarf-with-dsym";
				ENABLE_NS_ASSERTIONS = NO;
				ENABLE_STRICT_OBJC_MSGSEND = YES;
				GCC_C_LANGUAGE_STANDARD = gnu11;
				GCC_NO_COMMON_BLOCKS = YES;
				GCC_WARN_64_TO_32_BIT_CONVERSION = YES;
				GCC_WARN_ABOUT_RETURN_TYPE = YES_ERROR;
				GCC_WARN_UNDECLARED_SELECTOR = YES;
				GCC_WARN_UNINITIALIZED_AUTOS = YES_AGGRESSIVE;
				GCC_WARN_UNUSED_FUNCTION = YES;
				GCC_WARN_UNUSED_VARIABLE = YES;
				IPHONEOS_DEPLOYMENT_TARGET = 12.2;
				MTL_ENABLE_DEBUG_INFO = NO;
				MTL_FAST_MATH = YES;
				SDKROOT = iphoneos;
				SWIFT_COMPILATION_MODE = wholemodule;
				SWIFT_OPTIMIZATION_LEVEL = "-O";
				VALIDATE_PRODUCT = YES;
			};
			name = Release;
		};
		D1BF348122825C9B004CA111 /* Debug */ = {
			isa = XCBuildConfiguration;
			baseConfigurationReference = 582A1A6B58A74678C5FD0BD5 /* Pods-Sound Gate.debug.xcconfig */;
			buildSettings = {
				ASSETCATALOG_COMPILER_APPICON_NAME = AppIcon;
				CODE_SIGN_STYLE = Automatic;
				DEVELOPMENT_TEAM = ZKHK2T4C5A;
				ENABLE_BITCODE = NO;
				INFOPLIST_FILE = "Sound Gate/Info.plist";
				LD_RUNPATH_SEARCH_PATHS = (
					"$(inherited)",
					"@executable_path/Frameworks",
				);
				PRODUCT_BUNDLE_IDENTIFIER = "com.matheusmartins.Sound-Gate";
				PRODUCT_NAME = "$(TARGET_NAME)";
				SWIFT_VERSION = 5.0;
				TARGETED_DEVICE_FAMILY = "1,2";
			};
			name = Debug;
		};
		D1BF348222825C9B004CA111 /* Release */ = {
			isa = XCBuildConfiguration;
			baseConfigurationReference = 07003D35169139702B2C5754 /* Pods-Sound Gate.release.xcconfig */;
			buildSettings = {
				ASSETCATALOG_COMPILER_APPICON_NAME = AppIcon;
				CODE_SIGN_STYLE = Automatic;
				DEVELOPMENT_TEAM = ZKHK2T4C5A;
				ENABLE_BITCODE = NO;
				INFOPLIST_FILE = "Sound Gate/Info.plist";
				LD_RUNPATH_SEARCH_PATHS = (
					"$(inherited)",
					"@executable_path/Frameworks",
				);
				PRODUCT_BUNDLE_IDENTIFIER = "com.matheusmartins.Sound-Gate";
				PRODUCT_NAME = "$(TARGET_NAME)";
				SWIFT_VERSION = 5.0;
				TARGETED_DEVICE_FAMILY = "1,2";
			};
			name = Release;
		};
/* End XCBuildConfiguration section */

/* Begin XCConfigurationList section */
		D1BF346922825C99004CA111 /* Build configuration list for PBXProject "Sound Gate" */ = {
			isa = XCConfigurationList;
			buildConfigurations = (
				D1BF347E22825C9B004CA111 /* Debug */,
				D1BF347F22825C9B004CA111 /* Release */,
			);
			defaultConfigurationIsVisible = 0;
			defaultConfigurationName = Release;
		};
		D1BF348022825C9B004CA111 /* Build configuration list for PBXNativeTarget "Sound Gate" */ = {
			isa = XCConfigurationList;
			buildConfigurations = (
				D1BF348122825C9B004CA111 /* Debug */,
				D1BF348222825C9B004CA111 /* Release */,
			);
			defaultConfigurationIsVisible = 0;
			defaultConfigurationName = Release;
		};
/* End XCConfigurationList section */
	};
	rootObject = D1BF346622825C99004CA111 /* Project object */;
}
